
Microsoft Visual Studio Solution File, Format Version 12.00
# Visual Studio 14
VisualStudioVersion = 14.0.25420.1
MinimumVisualStudioVersion = 10.0.40219.1
Project("{FAE04EC0-301F-11D3-BF4B-00C04F79EFBC}") = "MyBallShop", "MyBallShop\MyBallShop.csproj", "{8A384A9D-8DA4-45A6-BD46-03B37BA8F4CD}"
EndProject
Project("{2150E333-8FDC-42A3-9474-1A3956D46DE8}") = "02 WebSite", "02 WebSite", "{E2EE6761-4952-4627-9270-F7E98DEF0F12}"
EndProject
Project("{2150E333-8FDC-42A3-9474-1A3956D46DE8}") = "01 Servers", "01 Servers", "{FA7BBA0A-626F-43AE-B6F6-3042A9EBFDA9}"
EndProject
Project("{FAE04EC0-301F-11D3-BF4B-00C04F79EFBC}") = "MyballShop.Servers", "MyballShop.Servers\MyballShop.Servers.csproj", "{30EC63EB-1B50-4E41-816D-22E32609072D}"
EndProject
Project("{2150E333-8FDC-42A3-9474-1A3956D46DE8}") = "03 DataHelper", "03 DataHelper", "{52B8F744-B47E-4AB9-9B49-8EB0F82BB3B8}"
EndProject
Project("{FAE04EC0-301F-11D3-BF4B-00C04F79EFBC}") = "MyBallShop.Data", "MyBallShop.Data\MyBallShop.Data.csproj", "{D9A6828F-3140-4149-89B0-DF4474A9ECC5}"
EndProject
Project("{FAE04EC0-301F-11D3-BF4B-00C04F79EFBC}") = "MyBallShop.Mapping", "MyBallShop.Mapping\MyBallShop.Mapping.csproj", "{00E4B466-E4BF-4E58-9A9D-CE37E9CDD649}"
EndProject
Project("{FAE04EC0-301F-11D3-BF4B-00C04F79EFBC}") = "MyBallShop.Repository", "MyBallShop.Repository\MyBallShop.Repository.csproj", "{CFD1279A-7414-40F0-BAC7-8F9798FDF342}"
EndProject
Project("{FAE04EC0-301F-11D3-BF4B-00C04F79EFBC}") = "MyBallShop.Model", "MyBallShop.Model\MyBallShop.Model.csproj", "{F8766408-393E-4719-B5BC-213876DDA568}"
EndProject
Global
	GlobalSection(SolutionConfigurationPlatforms) = preSolution
		Debug|Any CPU = Debug|Any CPU
		Release|Any CPU = Release|Any CPU
	EndGlobalSection
	GlobalSection(ProjectConfigurationPlatforms) = postSolution
		{8A384A9D-8DA4-45A6-BD46-03B37BA8F4CD}.Debug|Any CPU.ActiveCfg = Debug|Any CPU
		{8A384A9D-8DA4-45A6-BD46-03B37BA8F4CD}.Debug|Any CPU.Build.0 = Debug|Any CPU
		{8A384A9D-8DA4-45A6-BD46-03B37BA8F4CD}.Release|Any CPU.ActiveCfg = Release|Any CPU
		{8A384A9D-8DA4-45A6-BD46-03B37BA8F4CD}.Release|Any CPU.Build.0 = Release|Any CPU
		{30EC63EB-1B50-4E41-816D-22E32609072D}.Debug|Any CPU.ActiveCfg = Debug|Any CPU
		{30EC63EB-1B50-4E41-816D-22E32609072D}.Debug|Any CPU.Build.0 = Debug|Any CPU
		{30EC63EB-1B50-4E41-816D-22E32609072D}.Release|Any CPU.ActiveCfg = Release|Any CPU
		{30EC63EB-1B50-4E41-816D-22E32609072D}.Release|Any CPU.Build.0 = Release|Any CPU
		{D9A6828F-3140-4149-89B0-DF4474A9ECC5}.Debug|Any CPU.ActiveCfg = Debug|Any CPU
		{D9A6828F-3140-4149-89B0-DF4474A9ECC5}.Debug|Any CPU.Build.0 = Debug|Any CPU
		{D9A6828F-3140-4149-89B0-DF4474A9ECC5}.Release|Any CPU.ActiveCfg = Release|Any CPU
		{D9A6828F-3140-4149-89B0-DF4474A9ECC5}.Release|Any CPU.Build.0 = Release|Any CPU
		{00E4B466-E4BF-4E58-9A9D-CE37E9CDD649}.Debug|Any CPU.ActiveCfg = Debug|Any CPU
		{00E4B466-E4BF-4E58-9A9D-CE37E9CDD649}.Debug|Any CPU.Build.0 = Debug|Any CPU
		{00E4B466-E4BF-4E58-9A9D-CE37E9CDD649}.Release|Any CPU.ActiveCfg = Release|Any CPU
		{00E4B466-E4BF-4E58-9A9D-CE37E9CDD649}.Release|Any CPU.Build.0 = Release|Any CPU
		{CFD1279A-7414-40F0-BAC7-8F9798FDF342}.Debug|Any CPU.ActiveCfg = Debug|Any CPU
		{CFD1279A-7414-40F0-BAC7-8F9798FDF342}.Debug|Any CPU.Build.0 = Debug|Any CPU
		{CFD1279A-7414-40F0-BAC7-8F9798FDF342}.Release|Any CPU.ActiveCfg = Release|Any CPU
		{CFD1279A-7414-40F0-BAC7-8F9798FDF342}.Release|Any CPU.Build.0 = Release|Any CPU
		{F8766408-393E-4719-B5BC-213876DDA568}.Debug|Any CPU.ActiveCfg = Debug|Any CPU
		{F8766408-393E-4719-B5BC-213876DDA568}.Debug|Any CPU.Build.0 = Debug|Any CPU
		{F8766408-393E-4719-B5BC-213876DDA568}.Release|Any CPU.ActiveCfg = Release|Any CPU
		{F8766408-393E-4719-B5BC-213876DDA568}.Release|Any CPU.Build.0 = Release|Any CPU
	EndGlobalSection
	GlobalSection(SolutionProperties) = preSolution
		HideSolutionNode = FALSE
	EndGlobalSection
	GlobalSection(NestedProjects) = preSolution
		{8A384A9D-8DA4-45A6-BD46-03B37BA8F4CD} = {E2EE6761-4952-4627-9270-F7E98DEF0F12}
		{30EC63EB-1B50-4E41-816D-22E32609072D} = {FA7BBA0A-626F-43AE-B6F6-3042A9EBFDA9}
		{D9A6828F-3140-4149-89B0-DF4474A9ECC5} = {52B8F744-B47E-4AB9-9B49-8EB0F82BB3B8}
		{00E4B466-E4BF-4E58-9A9D-CE37E9CDD649} = {52B8F744-B47E-4AB9-9B49-8EB0F82BB3B8}
		{CFD1279A-7414-40F0-BAC7-8F9798FDF342} = {52B8F744-B47E-4AB9-9B49-8EB0F82BB3B8}
		{F8766408-393E-4719-B5BC-213876DDA568} = {FA7BBA0A-626F-43AE-B6F6-3042A9EBFDA9}
	EndGlobalSection
EndGlobal
